// !$*UTF8*$!
{
	archiveVersion = 1;
	classes = {
	};
	objectVersion = 56;
	objects = {

/* Begin PBXBuildFile section */
		4E755E2A228342B5BECB2AA7 /* Pods_CalendarApp.framework in Frameworks */ = {isa = PBXBuildFile; fileRef = DBC58B840D97B0E5334A274A /* Pods_CalendarApp.framework */; };
		E20018802A30D3D1009640F0 /* YearMonthView.swift in Sources */ = {isa = PBXBuildFile; fileRef = E200187F2A30D3D1009640F0 /* YearMonthView.swift */; };
		E20018822A30DC4B009640F0 /* DaysWeekView.swift in Sources */ = {isa = PBXBuildFile; fileRef = E20018812A30DC4B009640F0 /* DaysWeekView.swift */; };
		E20018842A30DCA5009640F0 /* CalendarCellView.swift in Sources */ = {isa = PBXBuildFile; fileRef = E20018832A30DCA5009640F0 /* CalendarCellView.swift */; };
		E20CE4212A375F410095C102 /* ConfirmScheduleDetailView.swift in Sources */ = {isa = PBXBuildFile; fileRef = E20CE4202A375F410095C102 /* ConfirmScheduleDetailView.swift */; };
		E2120D842A264F5C00F08940 /* ScheduleRegisterView.swift in Sources */ = {isa = PBXBuildFile; fileRef = E2120D832A264F5C00F08940 /* ScheduleRegisterView.swift */; };
		E2120D862A2652F500F08940 /* back.png in Resources */ = {isa = PBXBuildFile; fileRef = E2120D852A2652F500F08940 /* back.png */; };
		E2120D882A26533A00F08940 /* BackButtonView.swift in Sources */ = {isa = PBXBuildFile; fileRef = E2120D872A26533A00F08940 /* BackButtonView.swift */; };
		E2120D8A2A26540D00F08940 /* ButtonStyle+.swift in Sources */ = {isa = PBXBuildFile; fileRef = E2120D892A26540D00F08940 /* ButtonStyle+.swift */; };
		E225D2C22A2F766A0052362D /* HeaderView.swift in Sources */ = {isa = PBXBuildFile; fileRef = E225D2C12A2F766A0052362D /* HeaderView.swift */; };
		E225D2C52A2F79CD0052362D /* RegisterScheduleButtonView.swift in Sources */ = {isa = PBXBuildFile; fileRef = E225D2C42A2F79CD0052362D /* RegisterScheduleButtonView.swift */; };
		E225D2C72A2F7A3B0052362D /* SelectedMonthDayView.swift in Sources */ = {isa = PBXBuildFile; fileRef = E225D2C62A2F7A3B0052362D /* SelectedMonthDayView.swift */; };
		E225D2C92A2F7AC90052362D /* LoadScheduleView.swift in Sources */ = {isa = PBXBuildFile; fileRef = E225D2C82A2F7AC90052362D /* LoadScheduleView.swift */; };
		E225D2CB2A2F7BF00052362D /* ScheduleTitleView.swift in Sources */ = {isa = PBXBuildFile; fileRef = E225D2CA2A2F7BF00052362D /* ScheduleTitleView.swift */; };
		E225D2CD2A2F7C890052362D /* ScheduleDetailView.swift in Sources */ = {isa = PBXBuildFile; fileRef = E225D2CC2A2F7C890052362D /* ScheduleDetailView.swift */; };
		E225D2CF2A2F7CF60052362D /* ScheduleTimeView.swift in Sources */ = {isa = PBXBuildFile; fileRef = E225D2CE2A2F7CF60052362D /* ScheduleTimeView.swift */; };
		E225D2D12A2F7DAD0052362D /* BannerAdsView.swift in Sources */ = {isa = PBXBuildFile; fileRef = E225D2D02A2F7DAD0052362D /* BannerAdsView.swift */; };
		E225D2D32A2F7E020052362D /* NoticeSettingView.swift in Sources */ = {isa = PBXBuildFile; fileRef = E225D2D22A2F7E020052362D /* NoticeSettingView.swift */; };
		E22CD0E42A25CE2900C78018 /* hamburger.png in Resources */ = {isa = PBXBuildFile; fileRef = E22CD0E32A25CE2900C78018 /* hamburger.png */; };
		E22CD0E82A25CF8700C78018 /* HamburgerView.swift in Sources */ = {isa = PBXBuildFile; fileRef = E22CD0E72A25CF8700C78018 /* HamburgerView.swift */; };
		E27C8E442A23949200841268 /* CalendarAppApp.swift in Sources */ = {isa = PBXBuildFile; fileRef = E27C8E432A23949200841268 /* CalendarAppApp.swift */; };
		E27C8E462A23949200841268 /* MainView.swift in Sources */ = {isa = PBXBuildFile; fileRef = E27C8E452A23949200841268 /* MainView.swift */; };
		E27C8E482A23949300841268 /* Assets.xcassets in Resources */ = {isa = PBXBuildFile; fileRef = E27C8E472A23949300841268 /* Assets.xcassets */; };
		E27C8E4B2A23949300841268 /* Preview Assets.xcassets in Resources */ = {isa = PBXBuildFile; fileRef = E27C8E4A2A23949300841268 /* Preview Assets.xcassets */; };
		E27C8E542A23987400841268 /* AppSetting.swift in Sources */ = {isa = PBXBuildFile; fileRef = E27C8E532A23987400841268 /* AppSetting.swift */; };
		E27C8E562A2398BA00841268 /* SplashView.swift in Sources */ = {isa = PBXBuildFile; fileRef = E27C8E552A2398BA00841268 /* SplashView.swift */; };
		E27C8E5A2A2398E400841268 /* CalendarView.swift in Sources */ = {isa = PBXBuildFile; fileRef = E27C8E592A2398E400841268 /* CalendarView.swift */; };
		E27C8E5D2A23991A00841268 /* CalendarViewModel.swift in Sources */ = {isa = PBXBuildFile; fileRef = E27C8E5C2A23991A00841268 /* CalendarViewModel.swift */; };
		E27C8E662A239A4F00841268 /* Route.swift in Sources */ = {isa = PBXBuildFile; fileRef = E27C8E652A239A4F00841268 /* Route.swift */; };
		E27C8E682A239A5800841268 /* View+.swift in Sources */ = {isa = PBXBuildFile; fileRef = E27C8E672A239A5800841268 /* View+.swift */; };
		E27C8E6A2A239A6300841268 /* Color+.swift in Sources */ = {isa = PBXBuildFile; fileRef = E27C8E692A239A6300841268 /* Color+.swift */; };
		E2AA373F2A35CD32008FC93E /* ConfirmScheduleDetailButtonView.swift in Sources */ = {isa = PBXBuildFile; fileRef = E2AA373E2A35CD32008FC93E /* ConfirmScheduleDetailButtonView.swift */; };
		E2AA37412A35D8D9008FC93E /* RegisterScheduleDetailButtonView.swift in Sources */ = {isa = PBXBuildFile; fileRef = E2AA37402A35D8D9008FC93E /* RegisterScheduleDetailButtonView.swift */; };
		E2FB60ED2A3B4CD3003D89C8 /* TestRealm.swift in Sources */ = {isa = PBXBuildFile; fileRef = E2FB60EC2A3B4CD3003D89C8 /* TestRealm.swift */; };
/* End PBXBuildFile section */

/* Begin PBXFileReference section */
		085BEBA1AAC48DCB5E8A85E6 /* Pods-CalendarApp.debug.xcconfig */ = {isa = PBXFileReference; includeInIndex = 1; lastKnownFileType = text.xcconfig; name = "Pods-CalendarApp.debug.xcconfig"; path = "Target Support Files/Pods-CalendarApp/Pods-CalendarApp.debug.xcconfig"; sourceTree = "<group>"; };
		5C7C585F85B2C9C6BF96C4D0 /* Pods-CalendarApp.release.xcconfig */ = {isa = PBXFileReference; includeInIndex = 1; lastKnownFileType = text.xcconfig; name = "Pods-CalendarApp.release.xcconfig"; path = "Target Support Files/Pods-CalendarApp/Pods-CalendarApp.release.xcconfig"; sourceTree = "<group>"; };
		DBC58B840D97B0E5334A274A /* Pods_CalendarApp.framework */ = {isa = PBXFileReference; explicitFileType = wrapper.framework; includeInIndex = 0; path = Pods_CalendarApp.framework; sourceTree = BUILT_PRODUCTS_DIR; };
		E200187F2A30D3D1009640F0 /* YearMonthView.swift */ = {isa = PBXFileReference; lastKnownFileType = sourcecode.swift; path = YearMonthView.swift; sourceTree = "<group>"; };
		E20018812A30DC4B009640F0 /* DaysWeekView.swift */ = {isa = PBXFileReference; lastKnownFileType = sourcecode.swift; path = DaysWeekView.swift; sourceTree = "<group>"; };
		E20018832A30DCA5009640F0 /* CalendarCellView.swift */ = {isa = PBXFileReference; lastKnownFileType = sourcecode.swift; path = CalendarCellView.swift; sourceTree = "<group>"; };
		E20CE4202A375F410095C102 /* ConfirmScheduleDetailView.swift */ = {isa = PBXFileReference; lastKnownFileType = sourcecode.swift; path = ConfirmScheduleDetailView.swift; sourceTree = "<group>"; };
		E2120D832A264F5C00F08940 /* ScheduleRegisterView.swift */ = {isa = PBXFileReference; lastKnownFileType = sourcecode.swift; path = ScheduleRegisterView.swift; sourceTree = "<group>"; };
		E2120D852A2652F500F08940 /* back.png */ = {isa = PBXFileReference; lastKnownFileType = image.png; path = back.png; sourceTree = "<group>"; };
		E2120D872A26533A00F08940 /* BackButtonView.swift */ = {isa = PBXFileReference; lastKnownFileType = sourcecode.swift; path = BackButtonView.swift; sourceTree = "<group>"; };
		E2120D892A26540D00F08940 /* ButtonStyle+.swift */ = {isa = PBXFileReference; lastKnownFileType = sourcecode.swift; path = "ButtonStyle+.swift"; sourceTree = "<group>"; };
		E225D2C12A2F766A0052362D /* HeaderView.swift */ = {isa = PBXFileReference; lastKnownFileType = sourcecode.swift; path = HeaderView.swift; sourceTree = "<group>"; };
		E225D2C42A2F79CD0052362D /* RegisterScheduleButtonView.swift */ = {isa = PBXFileReference; lastKnownFileType = sourcecode.swift; path = RegisterScheduleButtonView.swift; sourceTree = "<group>"; };
		E225D2C62A2F7A3B0052362D /* SelectedMonthDayView.swift */ = {isa = PBXFileReference; lastKnownFileType = sourcecode.swift; path = SelectedMonthDayView.swift; sourceTree = "<group>"; };
		E225D2C82A2F7AC90052362D /* LoadScheduleView.swift */ = {isa = PBXFileReference; lastKnownFileType = sourcecode.swift; path = LoadScheduleView.swift; sourceTree = "<group>"; };
		E225D2CA2A2F7BF00052362D /* ScheduleTitleView.swift */ = {isa = PBXFileReference; lastKnownFileType = sourcecode.swift; path = ScheduleTitleView.swift; sourceTree = "<group>"; };
		E225D2CC2A2F7C890052362D /* ScheduleDetailView.swift */ = {isa = PBXFileReference; lastKnownFileType = sourcecode.swift; path = ScheduleDetailView.swift; sourceTree = "<group>"; };
		E225D2CE2A2F7CF60052362D /* ScheduleTimeView.swift */ = {isa = PBXFileReference; lastKnownFileType = sourcecode.swift; path = ScheduleTimeView.swift; sourceTree = "<group>"; };
		E225D2D02A2F7DAD0052362D /* BannerAdsView.swift */ = {isa = PBXFileReference; lastKnownFileType = sourcecode.swift; path = BannerAdsView.swift; sourceTree = "<group>"; };
		E225D2D22A2F7E020052362D /* NoticeSettingView.swift */ = {isa = PBXFileReference; lastKnownFileType = sourcecode.swift; path = NoticeSettingView.swift; sourceTree = "<group>"; };
		E22CD0E32A25CE2900C78018 /* hamburger.png */ = {isa = PBXFileReference; lastKnownFileType = image.png; path = hamburger.png; sourceTree = "<group>"; };
		E22CD0E72A25CF8700C78018 /* HamburgerView.swift */ = {isa = PBXFileReference; lastKnownFileType = sourcecode.swift; path = HamburgerView.swift; sourceTree = "<group>"; };
		E27C8E402A23949200841268 /* CalendarApp.app */ = {isa = PBXFileReference; explicitFileType = wrapper.application; includeInIndex = 0; path = CalendarApp.app; sourceTree = BUILT_PRODUCTS_DIR; };
		E27C8E432A23949200841268 /* CalendarAppApp.swift */ = {isa = PBXFileReference; lastKnownFileType = sourcecode.swift; path = CalendarAppApp.swift; sourceTree = "<group>"; };
		E27C8E452A23949200841268 /* MainView.swift */ = {isa = PBXFileReference; lastKnownFileType = sourcecode.swift; path = MainView.swift; sourceTree = "<group>"; };
		E27C8E472A23949300841268 /* Assets.xcassets */ = {isa = PBXFileReference; lastKnownFileType = folder.assetcatalog; path = Assets.xcassets; sourceTree = "<group>"; };
		E27C8E4A2A23949300841268 /* Preview Assets.xcassets */ = {isa = PBXFileReference; lastKnownFileType = folder.assetcatalog; path = "Preview Assets.xcassets"; sourceTree = "<group>"; };
		E27C8E532A23987400841268 /* AppSetting.swift */ = {isa = PBXFileReference; lastKnownFileType = sourcecode.swift; path = AppSetting.swift; sourceTree = "<group>"; };
		E27C8E552A2398BA00841268 /* SplashView.swift */ = {isa = PBXFileReference; lastKnownFileType = sourcecode.swift; path = SplashView.swift; sourceTree = "<group>"; };
		E27C8E592A2398E400841268 /* CalendarView.swift */ = {isa = PBXFileReference; lastKnownFileType = sourcecode.swift; path = CalendarView.swift; sourceTree = "<group>"; };
		E27C8E5C2A23991A00841268 /* CalendarViewModel.swift */ = {isa = PBXFileReference; lastKnownFileType = sourcecode.swift; path = CalendarViewModel.swift; sourceTree = "<group>"; };
		E27C8E652A239A4F00841268 /* Route.swift */ = {isa = PBXFileReference; lastKnownFileType = sourcecode.swift; path = Route.swift; sourceTree = "<group>"; };
		E27C8E672A239A5800841268 /* View+.swift */ = {isa = PBXFileReference; lastKnownFileType = sourcecode.swift; path = "View+.swift"; sourceTree = "<group>"; };
		E27C8E692A239A6300841268 /* Color+.swift */ = {isa = PBXFileReference; lastKnownFileType = sourcecode.swift; path = "Color+.swift"; sourceTree = "<group>"; };
		E2AA373E2A35CD32008FC93E /* ConfirmScheduleDetailButtonView.swift */ = {isa = PBXFileReference; lastKnownFileType = sourcecode.swift; path = ConfirmScheduleDetailButtonView.swift; sourceTree = "<group>"; };
		E2AA37402A35D8D9008FC93E /* RegisterScheduleDetailButtonView.swift */ = {isa = PBXFileReference; lastKnownFileType = sourcecode.swift; path = RegisterScheduleDetailButtonView.swift; sourceTree = "<group>"; };
		E2FB60EC2A3B4CD3003D89C8 /* TestRealm.swift */ = {isa = PBXFileReference; lastKnownFileType = sourcecode.swift; path = TestRealm.swift; sourceTree = "<group>"; };
/* End PBXFileReference section */

/* Begin PBXFrameworksBuildPhase section */
		E27C8E3D2A23949200841268 /* Frameworks */ = {
			isa = PBXFrameworksBuildPhase;
			buildActionMask = 2147483647;
			files = (
				4E755E2A228342B5BECB2AA7 /* Pods_CalendarApp.framework in Frameworks */,
			);
			runOnlyForDeploymentPostprocessing = 0;
		};
/* End PBXFrameworksBuildPhase section */

/* Begin PBXGroup section */
		0BF2C9C337D383CFEA5977B9 /* Frameworks */ = {
			isa = PBXGroup;
			children = (
				DBC58B840D97B0E5334A274A /* Pods_CalendarApp.framework */,
			);
			name = Frameworks;
			sourceTree = "<group>";
		};
		5825C9C72C537983D8924DF3 /* Pods */ = {
			isa = PBXGroup;
			children = (
				085BEBA1AAC48DCB5E8A85E6 /* Pods-CalendarApp.debug.xcconfig */,
				5C7C585F85B2C9C6BF96C4D0 /* Pods-CalendarApp.release.xcconfig */,
			);
			path = Pods;
			sourceTree = "<group>";
		};
		E20CE41F2A375F1E0095C102 /* ConfirmScheduleDetailView */ = {
			isa = PBXGroup;
			children = (
				E20CE4202A375F410095C102 /* ConfirmScheduleDetailView.swift */,
			);
			path = ConfirmScheduleDetailView;
			sourceTree = "<group>";
		};
		E2120D812A264F1200F08940 /* ScheduleRegisterView */ = {
			isa = PBXGroup;
			children = (
				E2120D822A264F4200F08940 /* Component */,
				E2120D832A264F5C00F08940 /* ScheduleRegisterView.swift */,
			);
			path = ScheduleRegisterView;
			sourceTree = "<group>";
		};
		E2120D822A264F4200F08940 /* Component */ = {
			isa = PBXGroup;
			children = (
				E2120D872A26533A00F08940 /* BackButtonView.swift */,
				E225D2C42A2F79CD0052362D /* RegisterScheduleButtonView.swift */,
				E225D2C62A2F7A3B0052362D /* SelectedMonthDayView.swift */,
				E225D2C82A2F7AC90052362D /* LoadScheduleView.swift */,
				E225D2CA2A2F7BF00052362D /* ScheduleTitleView.swift */,
				E225D2CC2A2F7C890052362D /* ScheduleDetailView.swift */,
				E225D2CE2A2F7CF60052362D /* ScheduleTimeView.swift */,
				E225D2D22A2F7E020052362D /* NoticeSettingView.swift */,
				E2AA373E2A35CD32008FC93E /* ConfirmScheduleDetailButtonView.swift */,
				E2AA37402A35D8D9008FC93E /* RegisterScheduleDetailButtonView.swift */,
			);
			path = Component;
			sourceTree = "<group>";
		};
		E225D2C32A2F77140052362D /* Component */ = {
			isa = PBXGroup;
			children = (
				E225D2C12A2F766A0052362D /* HeaderView.swift */,
				E225D2D02A2F7DAD0052362D /* BannerAdsView.swift */,
			);
			path = Component;
			sourceTree = "<group>";
		};
		E22CD0E02A25CD6700C78018 /* Resources */ = {
			isa = PBXGroup;
			children = (
				E22CD0E22A25CDAC00C78018 /* Image */,
				E22CD0E12A25CD7900C78018 /* Localization */,
			);
			path = Resources;
			sourceTree = "<group>";
		};
		E22CD0E12A25CD7900C78018 /* Localization */ = {
			isa = PBXGroup;
			children = (
			);
			path = Localization;
			sourceTree = "<group>";
		};
		E22CD0E22A25CDAC00C78018 /* Image */ = {
			isa = PBXGroup;
			children = (
				E2120D852A2652F500F08940 /* back.png */,
				E22CD0E32A25CE2900C78018 /* hamburger.png */,
			);
			path = Image;
			sourceTree = "<group>";
		};
		E22CD0E52A25CF2900C78018 /* Component */ = {
			isa = PBXGroup;
			children = (
				E22CD0E72A25CF8700C78018 /* HamburgerView.swift */,
				E200187F2A30D3D1009640F0 /* YearMonthView.swift */,
				E20018812A30DC4B009640F0 /* DaysWeekView.swift */,
				E20018832A30DCA5009640F0 /* CalendarCellView.swift */,
			);
			path = Component;
			sourceTree = "<group>";
		};
		E27C8E372A23949200841268 = {
			isa = PBXGroup;
			children = (
				E27C8E422A23949200841268 /* CalendarApp */,
				E27C8E412A23949200841268 /* Products */,
				5825C9C72C537983D8924DF3 /* Pods */,
				0BF2C9C337D383CFEA5977B9 /* Frameworks */,
			);
			sourceTree = "<group>";
		};
		E27C8E412A23949200841268 /* Products */ = {
			isa = PBXGroup;
			children = (
				E27C8E402A23949200841268 /* CalendarApp.app */,
			);
			name = Products;
			sourceTree = "<group>";
		};
		E27C8E422A23949200841268 /* CalendarApp */ = {
			isa = PBXGroup;
			children = (
				E2FB60E92A3B4C59003D89C8 /* Lib */,
				E27C8E512A23984000841268 /* App */,
				E27C8E522A23985000841268 /* View */,
				E27C8E5B2A2398F700841268 /* ViewModel */,
				E27C8E5E2A23993500841268 /* Model */,
				E27C8E5F2A23995900841268 /* Repository */,
				E27C8E602A2399B800841268 /* Commons */,
				E22CD0E02A25CD6700C78018 /* Resources */,
				E27C8E472A23949300841268 /* Assets.xcassets */,
				E27C8E492A23949300841268 /* Preview Content */,
			);
			path = CalendarApp;
			sourceTree = "<group>";
		};
		E27C8E492A23949300841268 /* Preview Content */ = {
			isa = PBXGroup;
			children = (
				E27C8E4A2A23949300841268 /* Preview Assets.xcassets */,
			);
			path = "Preview Content";
			sourceTree = "<group>";
		};
		E27C8E512A23984000841268 /* App */ = {
			isa = PBXGroup;
			children = (
				E27C8E432A23949200841268 /* CalendarAppApp.swift */,
				E27C8E532A23987400841268 /* AppSetting.swift */,
			);
			path = App;
			sourceTree = "<group>";
		};
		E27C8E522A23985000841268 /* View */ = {
			isa = PBXGroup;
			children = (
				E27C8E452A23949200841268 /* MainView.swift */,
				E27C8E572A2398C200841268 /* SplashView */,
				E27C8E582A2398D500841268 /* CalendarView */,
				E2120D812A264F1200F08940 /* ScheduleRegisterView */,
				E20CE41F2A375F1E0095C102 /* ConfirmScheduleDetailView */,
			);
			path = View;
			sourceTree = "<group>";
		};
		E27C8E572A2398C200841268 /* SplashView */ = {
			isa = PBXGroup;
			children = (
				E27C8E552A2398BA00841268 /* SplashView.swift */,
			);
			path = SplashView;
			sourceTree = "<group>";
		};
		E27C8E582A2398D500841268 /* CalendarView */ = {
			isa = PBXGroup;
			children = (
				E22CD0E52A25CF2900C78018 /* Component */,
				E27C8E592A2398E400841268 /* CalendarView.swift */,
			);
			path = CalendarView;
			sourceTree = "<group>";
		};
		E27C8E5B2A2398F700841268 /* ViewModel */ = {
			isa = PBXGroup;
			children = (
				E27C8E5C2A23991A00841268 /* CalendarViewModel.swift */,
			);
			path = ViewModel;
			sourceTree = "<group>";
		};
		E27C8E5E2A23993500841268 /* Model */ = {
			isa = PBXGroup;
			children = (
			);
			path = Model;
			sourceTree = "<group>";
		};
		E27C8E5F2A23995900841268 /* Repository */ = {
			isa = PBXGroup;
			children = (
				E27C8E612A239A1C00841268 /* Usecase */,
				E27C8E622A239A2400841268 /* Services */,
			);
			path = Repository;
			sourceTree = "<group>";
		};
		E27C8E602A2399B800841268 /* Commons */ = {
			isa = PBXGroup;
			children = (
				E225D2C32A2F77140052362D /* Component */,
				E27C8E632A239A3500841268 /* Support */,
				E27C8E642A239A3E00841268 /* Extension */,
			);
			path = Commons;
			sourceTree = "<group>";
		};
		E27C8E612A239A1C00841268 /* Usecase */ = {
			isa = PBXGroup;
			children = (
			);
			path = Usecase;
			sourceTree = "<group>";
		};
		E27C8E622A239A2400841268 /* Services */ = {
			isa = PBXGroup;
			children = (
			);
			path = Services;
			sourceTree = "<group>";
		};
		E27C8E632A239A3500841268 /* Support */ = {
			isa = PBXGroup;
			children = (
				E27C8E652A239A4F00841268 /* Route.swift */,
			);
			path = Support;
			sourceTree = "<group>";
		};
		E27C8E642A239A3E00841268 /* Extension */ = {
			isa = PBXGroup;
			children = (
				E27C8E672A239A5800841268 /* View+.swift */,
				E27C8E692A239A6300841268 /* Color+.swift */,
				E2120D892A26540D00F08940 /* ButtonStyle+.swift */,
			);
			path = Extension;
			sourceTree = "<group>";
		};
		E2FB60E92A3B4C59003D89C8 /* Lib */ = {
			isa = PBXGroup;
			children = (
				E2FB60EA2A3B4CA3003D89C8 /* Support */,
			);
			path = Lib;
			sourceTree = "<group>";
		};
		E2FB60EA2A3B4CA3003D89C8 /* Support */ = {
			isa = PBXGroup;
			children = (
				E2FB60EB2A3B4CB2003D89C8 /* Realm */,
			);
			path = Support;
			sourceTree = "<group>";
		};
		E2FB60EB2A3B4CB2003D89C8 /* Realm */ = {
			isa = PBXGroup;
			children = (
				E2FB60EC2A3B4CD3003D89C8 /* TestRealm.swift */,
			);
			path = Realm;
			sourceTree = "<group>";
		};
/* End PBXGroup section */

/* Begin PBXNativeTarget section */
		E27C8E3F2A23949200841268 /* CalendarApp */ = {
			isa = PBXNativeTarget;
			buildConfigurationList = E27C8E4E2A23949300841268 /* Build configuration list for PBXNativeTarget "CalendarApp" */;
			buildPhases = (
				C500937EE45EC859D2BD35B9 /* [CP] Check Pods Manifest.lock */,
				E27C8E3C2A23949200841268 /* Sources */,
				E27C8E3D2A23949200841268 /* Frameworks */,
				E27C8E3E2A23949200841268 /* Resources */,
				C44707121434F81A8282B75F /* [CP] Embed Pods Frameworks */,
			);
			buildRules = (
			);
			dependencies = (
			);
			name = CalendarApp;
			productName = CalendarApp;
			productReference = E27C8E402A23949200841268 /* CalendarApp.app */;
			productType = "com.apple.product-type.application";
		};
/* End PBXNativeTarget section */

/* Begin PBXProject section */
		E27C8E382A23949200841268 /* Project object */ = {
			isa = PBXProject;
			attributes = {
				BuildIndependentTargetsInParallel = 1;
				LastSwiftUpdateCheck = 1420;
				LastUpgradeCheck = 1420;
				TargetAttributes = {
					E27C8E3F2A23949200841268 = {
						CreatedOnToolsVersion = 14.2;
					};
				};
			};
			buildConfigurationList = E27C8E3B2A23949200841268 /* Build configuration list for PBXProject "CalendarApp" */;
			compatibilityVersion = "Xcode 14.0";
			developmentRegion = en;
			hasScannedForEncodings = 0;
			knownRegions = (
				en,
				Base,
			);
			mainGroup = E27C8E372A23949200841268;
			productRefGroup = E27C8E412A23949200841268 /* Products */;
			projectDirPath = "";
			projectRoot = "";
			targets = (
				E27C8E3F2A23949200841268 /* CalendarApp */,
			);
		};
/* End PBXProject section */

/* Begin PBXResourcesBuildPhase section */
		E27C8E3E2A23949200841268 /* Resources */ = {
			isa = PBXResourcesBuildPhase;
			buildActionMask = 2147483647;
			files = (
				E2120D862A2652F500F08940 /* back.png in Resources */,
				E27C8E4B2A23949300841268 /* Preview Assets.xcassets in Resources */,
				E22CD0E42A25CE2900C78018 /* hamburger.png in Resources */,
				E27C8E482A23949300841268 /* Assets.xcassets in Resources */,
			);
			runOnlyForDeploymentPostprocessing = 0;
		};
/* End PBXResourcesBuildPhase section */

/* Begin PBXShellScriptBuildPhase section */
		C44707121434F81A8282B75F /* [CP] Embed Pods Frameworks */ = {
			isa = PBXShellScriptBuildPhase;
			buildActionMask = 2147483647;
			files = (
			);
			inputFileListPaths = (
				"${PODS_ROOT}/Target Support Files/Pods-CalendarApp/Pods-CalendarApp-frameworks-${CONFIGURATION}-input-files.xcfilelist",
			);
			name = "[CP] Embed Pods Frameworks";
			outputFileListPaths = (
				"${PODS_ROOT}/Target Support Files/Pods-CalendarApp/Pods-CalendarApp-frameworks-${CONFIGURATION}-output-files.xcfilelist",
			);
			runOnlyForDeploymentPostprocessing = 0;
			shellPath = /bin/sh;
			shellScript = "\"${PODS_ROOT}/Target Support Files/Pods-CalendarApp/Pods-CalendarApp-frameworks.sh\"\n";
			showEnvVarsInLog = 0;
		};
		C500937EE45EC859D2BD35B9 /* [CP] Check Pods Manifest.lock */ = {
			isa = PBXShellScriptBuildPhase;
			buildActionMask = 2147483647;
			files = (
			);
			inputFileListPaths = (
			);
			inputPaths = (
				"${PODS_PODFILE_DIR_PATH}/Podfile.lock",
				"${PODS_ROOT}/Manifest.lock",
			);
			name = "[CP] Check Pods Manifest.lock";
			outputFileListPaths = (
			);
			outputPaths = (
				"$(DERIVED_FILE_DIR)/Pods-CalendarApp-checkManifestLockResult.txt",
			);
			runOnlyForDeploymentPostprocessing = 0;
			shellPath = /bin/sh;
			shellScript = "diff \"${PODS_PODFILE_DIR_PATH}/Podfile.lock\" \"${PODS_ROOT}/Manifest.lock\" > /dev/null\nif [ $? != 0 ] ; then\n    # print error to STDERR\n    echo \"error: The sandbox is not in sync with the Podfile.lock. Run 'pod install' or update your CocoaPods installation.\" >&2\n    exit 1\nfi\n# This output is used by Xcode 'outputs' to avoid re-running this script phase.\necho \"SUCCESS\" > \"${SCRIPT_OUTPUT_FILE_0}\"\n";
			showEnvVarsInLog = 0;
		};
/* End PBXShellScriptBuildPhase section */

/* Begin PBXSourcesBuildPhase section */
		E27C8E3C2A23949200841268 /* Sources */ = {
			isa = PBXSourcesBuildPhase;
			buildActionMask = 2147483647;
			files = (
				E27C8E5D2A23991A00841268 /* CalendarViewModel.swift in Sources */,
				E225D2D32A2F7E020052362D /* NoticeSettingView.swift in Sources */,
				E225D2CF2A2F7CF60052362D /* ScheduleTimeView.swift in Sources */,
				E27C8E6A2A239A6300841268 /* Color+.swift in Sources */,
				E22CD0E82A25CF8700C78018 /* HamburgerView.swift in Sources */,
				E27C8E5A2A2398E400841268 /* CalendarView.swift in Sources */,
				E20018802A30D3D1009640F0 /* YearMonthView.swift in Sources */,
				E27C8E462A23949200841268 /* MainView.swift in Sources */,
				E225D2D12A2F7DAD0052362D /* BannerAdsView.swift in Sources */,
				E27C8E562A2398BA00841268 /* SplashView.swift in Sources */,
				E2120D8A2A26540D00F08940 /* ButtonStyle+.swift in Sources */,
				E225D2CD2A2F7C890052362D /* ScheduleDetailView.swift in Sources */,
				E2AA373F2A35CD32008FC93E /* ConfirmScheduleDetailButtonView.swift in Sources */,
				E27C8E682A239A5800841268 /* View+.swift in Sources */,
				E20018822A30DC4B009640F0 /* DaysWeekView.swift in Sources */,
				E2AA37412A35D8D9008FC93E /* RegisterScheduleDetailButtonView.swift in Sources */,
				E225D2C52A2F79CD0052362D /* RegisterScheduleButtonView.swift in Sources */,
				E20CE4212A375F410095C102 /* ConfirmScheduleDetailView.swift in Sources */,
				E225D2CB2A2F7BF00052362D /* ScheduleTitleView.swift in Sources */,
				E27C8E442A23949200841268 /* CalendarAppApp.swift in Sources */,
				E2120D842A264F5C00F08940 /* ScheduleRegisterView.swift in Sources */,
				E27C8E662A239A4F00841268 /* Route.swift in Sources */,
				E225D2C92A2F7AC90052362D /* LoadScheduleView.swift in Sources */,
				E27C8E542A23987400841268 /* AppSetting.swift in Sources */,
				E20018842A30DCA5009640F0 /* CalendarCellView.swift in Sources */,
				E225D2C72A2F7A3B0052362D /* SelectedMonthDayView.swift in Sources */,
				E2120D882A26533A00F08940 /* BackButtonView.swift in Sources */,
				E2FB60ED2A3B4CD3003D89C8 /* TestRealm.swift in Sources */,
				E225D2C22A2F766A0052362D /* HeaderView.swift in Sources */,
			);
			runOnlyForDeploymentPostprocessing = 0;
		};
/* End PBXSourcesBuildPhase section */

/* Begin XCBuildConfiguration section */
		E27C8E4C2A23949300841268 /* Debug */ = {
			isa = XCBuildConfiguration;
			buildSettings = {
				ALWAYS_SEARCH_USER_PATHS = NO;
				CLANG_ANALYZER_NONNULL = YES;
				CLANG_ANALYZER_NUMBER_OBJECT_CONVERSION = YES_AGGRESSIVE;
				CLANG_CXX_LANGUAGE_STANDARD = "gnu++20";
				CLANG_ENABLE_MODULES = YES;
				CLANG_ENABLE_OBJC_ARC = YES;
				CLANG_ENABLE_OBJC_WEAK = YES;
				CLANG_WARN_BLOCK_CAPTURE_AUTORELEASING = YES;
				CLANG_WARN_BOOL_CONVERSION = YES;
				CLANG_WARN_COMMA = YES;
				CLANG_WARN_CONSTANT_CONVERSION = YES;
				CLANG_WARN_DEPRECATED_OBJC_IMPLEMENTATIONS = YES;
				CLANG_WARN_DIRECT_OBJC_ISA_USAGE = YES_ERROR;
				CLANG_WARN_DOCUMENTATION_COMMENTS = YES;
				CLANG_WARN_EMPTY_BODY = YES;
				CLANG_WARN_ENUM_CONVERSION = YES;
				CLANG_WARN_INFINITE_RECURSION = YES;
				CLANG_WARN_INT_CONVERSION = YES;
				CLANG_WARN_NON_LITERAL_NULL_CONVERSION = YES;
				CLANG_WARN_OBJC_IMPLICIT_RETAIN_SELF = YES;
				CLANG_WARN_OBJC_LITERAL_CONVERSION = YES;
				CLANG_WARN_OBJC_ROOT_CLASS = YES_ERROR;
				CLANG_WARN_QUOTED_INCLUDE_IN_FRAMEWORK_HEADER = YES;
				CLANG_WARN_RANGE_LOOP_ANALYSIS = YES;
				CLANG_WARN_STRICT_PROTOTYPES = YES;
				CLANG_WARN_SUSPICIOUS_MOVE = YES;
				CLANG_WARN_UNGUARDED_AVAILABILITY = YES_AGGRESSIVE;
				CLANG_WARN_UNREACHABLE_CODE = YES;
				CLANG_WARN__DUPLICATE_METHOD_MATCH = YES;
				COPY_PHASE_STRIP = NO;
				DEBUG_INFORMATION_FORMAT = dwarf;
				ENABLE_STRICT_OBJC_MSGSEND = YES;
				ENABLE_TESTABILITY = YES;
				GCC_C_LANGUAGE_STANDARD = gnu11;
				GCC_DYNAMIC_NO_PIC = NO;
				GCC_NO_COMMON_BLOCKS = YES;
				GCC_OPTIMIZATION_LEVEL = 0;
				GCC_PREPROCESSOR_DEFINITIONS = (
					"DEBUG=1",
					"$(inherited)",
				);
				GCC_WARN_64_TO_32_BIT_CONVERSION = YES;
				GCC_WARN_ABOUT_RETURN_TYPE = YES_ERROR;
				GCC_WARN_UNDECLARED_SELECTOR = YES;
				GCC_WARN_UNINITIALIZED_AUTOS = YES_AGGRESSIVE;
				GCC_WARN_UNUSED_FUNCTION = YES;
				GCC_WARN_UNUSED_VARIABLE = YES;
				IPHONEOS_DEPLOYMENT_TARGET = 16.2;
				MTL_ENABLE_DEBUG_INFO = INCLUDE_SOURCE;
				MTL_FAST_MATH = YES;
				ONLY_ACTIVE_ARCH = YES;
				SDKROOT = iphoneos;
				SWIFT_ACTIVE_COMPILATION_CONDITIONS = DEBUG;
				SWIFT_OPTIMIZATION_LEVEL = "-Onone";
			};
			name = Debug;
		};
		E27C8E4D2A23949300841268 /* Release */ = {
			isa = XCBuildConfiguration;
			buildSettings = {
				ALWAYS_SEARCH_USER_PATHS = NO;
				CLANG_ANALYZER_NONNULL = YES;
				CLANG_ANALYZER_NUMBER_OBJECT_CONVERSION = YES_AGGRESSIVE;
				CLANG_CXX_LANGUAGE_STANDARD = "gnu++20";
				CLANG_ENABLE_MODULES = YES;
				CLANG_ENABLE_OBJC_ARC = YES;
				CLANG_ENABLE_OBJC_WEAK = YES;
				CLANG_WARN_BLOCK_CAPTURE_AUTORELEASING = YES;
				CLANG_WARN_BOOL_CONVERSION = YES;
				CLANG_WARN_COMMA = YES;
				CLANG_WARN_CONSTANT_CONVERSION = YES;
				CLANG_WARN_DEPRECATED_OBJC_IMPLEMENTATIONS = YES;
				CLANG_WARN_DIRECT_OBJC_ISA_USAGE = YES_ERROR;
				CLANG_WARN_DOCUMENTATION_COMMENTS = YES;
				CLANG_WARN_EMPTY_BODY = YES;
				CLANG_WARN_ENUM_CONVERSION = YES;
				CLANG_WARN_INFINITE_RECURSION = YES;
				CLANG_WARN_INT_CONVERSION = YES;
				CLANG_WARN_NON_LITERAL_NULL_CONVERSION = YES;
				CLANG_WARN_OBJC_IMPLICIT_RETAIN_SELF = YES;
				CLANG_WARN_OBJC_LITERAL_CONVERSION = YES;
				CLANG_WARN_OBJC_ROOT_CLASS = YES_ERROR;
				CLANG_WARN_QUOTED_INCLUDE_IN_FRAMEWORK_HEADER = YES;
				CLANG_WARN_RANGE_LOOP_ANALYSIS = YES;
				CLANG_WARN_STRICT_PROTOTYPES = YES;
				CLANG_WARN_SUSPICIOUS_MOVE = YES;
				CLANG_WARN_UNGUARDED_AVAILABILITY = YES_AGGRESSIVE;
				CLANG_WARN_UNREACHABLE_CODE = YES;
				CLANG_WARN__DUPLICATE_METHOD_MATCH = YES;
				COPY_PHASE_STRIP = NO;
				DEBUG_INFORMATION_FORMAT = "dwarf-with-dsym";
				ENABLE_NS_ASSERTIONS = NO;
				ENABLE_STRICT_OBJC_MSGSEND = YES;
				GCC_C_LANGUAGE_STANDARD = gnu11;
				GCC_NO_COMMON_BLOCKS = YES;
				GCC_WARN_64_TO_32_BIT_CONVERSION = YES;
				GCC_WARN_ABOUT_RETURN_TYPE = YES_ERROR;
				GCC_WARN_UNDECLARED_SELECTOR = YES;
				GCC_WARN_UNINITIALIZED_AUTOS = YES_AGGRESSIVE;
				GCC_WARN_UNUSED_FUNCTION = YES;
				GCC_WARN_UNUSED_VARIABLE = YES;
				IPHONEOS_DEPLOYMENT_TARGET = 16.2;
				MTL_ENABLE_DEBUG_INFO = NO;
				MTL_FAST_MATH = YES;
				SDKROOT = iphoneos;
				SWIFT_COMPILATION_MODE = wholemodule;
				SWIFT_OPTIMIZATION_LEVEL = "-O";
				VALIDATE_PRODUCT = YES;
			};
			name = Release;
		};
		E27C8E4F2A23949300841268 /* Debug */ = {
			isa = XCBuildConfiguration;
			baseConfigurationReference = 085BEBA1AAC48DCB5E8A85E6 /* Pods-CalendarApp.debug.xcconfig */;
			buildSettings = {
				ASSETCATALOG_COMPILER_APPICON_NAME = AppIcon;
				ASSETCATALOG_COMPILER_GLOBAL_ACCENT_COLOR_NAME = AccentColor;
				CODE_SIGN_STYLE = Automatic;
				CURRENT_PROJECT_VERSION = 1;
				DEVELOPMENT_ASSET_PATHS = "\"CalendarApp/Preview Content\"";
				DEVELOPMENT_TEAM = M62AGH5W92;
				ENABLE_PREVIEWS = YES;
				GENERATE_INFOPLIST_FILE = YES;
				INFOPLIST_KEY_UIApplicationSceneManifest_Generation = YES;
				INFOPLIST_KEY_UIApplicationSupportsIndirectInputEvents = YES;
				INFOPLIST_KEY_UILaunchScreen_Generation = YES;
				INFOPLIST_KEY_UISupportedInterfaceOrientations_iPad = "UIInterfaceOrientationPortrait UIInterfaceOrientationPortraitUpsideDown UIInterfaceOrientationLandscapeLeft UIInterfaceOrientationLandscapeRight";
				INFOPLIST_KEY_UISupportedInterfaceOrientations_iPhone = "UIInterfaceOrientationPortrait UIInterfaceOrientationLandscapeLeft UIInterfaceOrientationLandscapeRight";
				LD_RUNPATH_SEARCH_PATHS = (
					"$(inherited)",
					"@executable_path/Frameworks",
				);
				MARKETING_VERSION = 1.0;
				PRODUCT_BUNDLE_IDENTIFIER = "Kazusa-Kondo.CalendarApp";
				PRODUCT_NAME = "$(TARGET_NAME)";
				SWIFT_EMIT_LOC_STRINGS = YES;
				SWIFT_VERSION = 5.0;
				TARGETED_DEVICE_FAMILY = "1,2";
			};
			name = Debug;
		};
		E27C8E502A23949300841268 /* Release */ = {
			isa = XCBuildConfiguration;
			baseConfigurationReference = 5C7C585F85B2C9C6BF96C4D0 /* Pods-CalendarApp.release.xcconfig */;
			buildSettings = {
				ASSETCATALOG_COMPILER_APPICON_NAME = AppIcon;
				ASSETCATALOG_COMPILER_GLOBAL_ACCENT_COLOR_NAME = AccentColor;
				CODE_SIGN_STYLE = Automatic;
				CURRENT_PROJECT_VERSION = 1;
				DEVELOPMENT_ASSET_PATHS = "\"CalendarApp/Preview Content\"";
				DEVELOPMENT_TEAM = M62AGH5W92;
				ENABLE_PREVIEWS = YES;
				GENERATE_INFOPLIST_FILE = YES;
				INFOPLIST_KEY_UIApplicationSceneManifest_Generation = YES;
				INFOPLIST_KEY_UIApplicationSupportsIndirectInputEvents = YES;
				INFOPLIST_KEY_UILaunchScreen_Generation = YES;
				INFOPLIST_KEY_UISupportedInterfaceOrientations_iPad = "UIInterfaceOrientationPortrait UIInterfaceOrientationPortraitUpsideDown UIInterfaceOrientationLandscapeLeft UIInterfaceOrientationLandscapeRight";
				INFOPLIST_KEY_UISupportedInterfaceOrientations_iPhone = "UIInterfaceOrientationPortrait UIInterfaceOrientationLandscapeLeft UIInterfaceOrientationLandscapeRight";
				LD_RUNPATH_SEARCH_PATHS = (
					"$(inherited)",
					"@executable_path/Frameworks",
				);
				MARKETING_VERSION = 1.0;
				PRODUCT_BUNDLE_IDENTIFIER = "Kazusa-Kondo.CalendarApp";
				PRODUCT_NAME = "$(TARGET_NAME)";
				SWIFT_EMIT_LOC_STRINGS = YES;
				SWIFT_VERSION = 5.0;
				TARGETED_DEVICE_FAMILY = "1,2";
			};
			name = Release;
		};
/* End XCBuildConfiguration section */

/* Begin XCConfigurationList section */
		E27C8E3B2A23949200841268 /* Build configuration list for PBXProject "CalendarApp" */ = {
			isa = XCConfigurationList;
			buildConfigurations = (
				E27C8E4C2A23949300841268 /* Debug */,
				E27C8E4D2A23949300841268 /* Release */,
			);
			defaultConfigurationIsVisible = 0;
			defaultConfigurationName = Release;
		};
		E27C8E4E2A23949300841268 /* Build configuration list for PBXNativeTarget "CalendarApp" */ = {
			isa = XCConfigurationList;
			buildConfigurations = (
				E27C8E4F2A23949300841268 /* Debug */,
				E27C8E502A23949300841268 /* Release */,
			);
			defaultConfigurationIsVisible = 0;
			defaultConfigurationName = Release;
		};
/* End XCConfigurationList section */
	};
	rootObject = E27C8E382A23949200841268 /* Project object */;
}
